
Microsoft Visual Studio Solution File, Format Version 12.00
# Visual Studio Version 17
VisualStudioVersion = 17.13.35825.156 d17.13
MinimumVisualStudioVersion = 10.0.40219.1
Project("{888888A0-9F3D-457C-B088-3A5042F75D52}") = "2048", "2048\2048.pyproj", "{5AB8300A-13AA-44CD-87E2-3D27A35E52D2}"
EndProject
Global
	GlobalSection(SolutionConfigurationPlatforms) = preSolution
		Debug|Any CPU = Debug|Any CPU
		Release|Any CPU = Release|Any CPU
	EndGlobalSection
	GlobalSection(ProjectConfigurationPlatforms) = postSolution
		{5AB8300A-13AA-44CD-87E2-3D27A35E52D2}.Debug|Any CPU.ActiveCfg = Debug|Any CPU
		{5AB8300A-13AA-44CD-87E2-3D27A35E52D2}.Release|Any CPU.ActiveCfg = Release|Any CPU
	EndGlobalSection
	GlobalSection(SolutionProperties) = preSolution
		HideSolutionNode = FALSE
	EndGlobalSection
	GlobalSection(ExtensibilityGlobals) = postSolution
		SolutionGuid = {599348DD-E4F3-4225-AE50-7A84B84505A2}
	EndGlobalSection
EndGlobal
